
Microsoft Visual Studio Solution File, Format Version 12.00
# Visual Studio Version 17
VisualStudioVersion = 17.3.32901.215
MinimumVisualStudioVersion = 10.0.40219.1
Project("{FAE04EC0-301F-11D3-BF4B-00C04F79EFBC}") = "ES01persone", "ES01persone\ES01persone.csproj", "{DE76CEBE-AD6C-4AC1-9F9D-147B6405446D}"
EndProject
Global
	GlobalSection(SolutionConfigurationPlatforms) = preSolution
		Debug|Any CPU = Debug|Any CPU
		Release|Any CPU = Release|Any CPU
	EndGlobalSection
	GlobalSection(ProjectConfigurationPlatforms) = postSolution
		{DE76CEBE-AD6C-4AC1-9F9D-147B6405446D}.Debug|Any CPU.ActiveCfg = Debug|Any CPU
		{DE76CEBE-AD6C-4AC1-9F9D-147B6405446D}.Debug|Any CPU.Build.0 = Debug|Any CPU
		{DE76CEBE-AD6C-4AC1-9F9D-147B6405446D}.Release|Any CPU.ActiveCfg = Release|Any CPU
		{DE76CEBE-AD6C-4AC1-9F9D-147B6405446D}.Release|Any CPU.Build.0 = Release|Any CPU
	EndGlobalSection
	GlobalSection(SolutionProperties) = preSolution
		HideSolutionNode = FALSE
	EndGlobalSection
	GlobalSection(ExtensibilityGlobals) = postSolution
		SolutionGuid = {2AB290A0-640B-4DCB-97E4-D8548E6B0911}
	EndGlobalSection
EndGlobal
